{
  "name": "latihan-ujikom",
  "lockfileVersion": 3,
  "requires": true,
  "packages": {
    "": {
      "devDependencies": {
        "@penpot-export/cli": "^0.1.2",
        "@penpot/mcp": "^2.15.4"
      }
    },
    "node_modules/@penpot-export/cli": {
      "version": "0.1.2",
      "resolved": "https://registry.npmjs.org/@penpot-export/cli/-/cli-0.1.2.tgz",
      "integrity": "sha512-UiJE2PPn5/ay7ovgaQVCu1exAVMwQWsGKc+AOlPeyqfDyWxGo5u2PADtGY86NrgtX/uFZW+H1bPX6wrbpEhfaA==",
      "dev": true,
      "license": "Apache-2.0",
      "dependencies": {
        "@penpot-export/core": "0.1.2",
        "prettier": "^3.0.2"
      },
      "bin": {
        "penpot-export": "dist/bin/index.js"
      }
    },
    "node_modules/@penpot-export/core": {
      "version": "0.1.2",
      "resolved": "https://registry.npmjs.org/@penpot-export/core/-/core-0.1.2.tgz",
      "integrity": "sha512-THP8Mm/rB6DGisku58lXATt4fVtoxyGTVmvuOUc8H+VYS5aU5/AcNjBtr2UOLBLm7Y8wROE2Jn5ZbIvF4wF3ew==",
      "dev": true,
      "license": "Apache-2.0",
      "dependencies": {
        "node-fetch": "2",
        "prettier": "^3.0.2",
        "zod": "^3.22.2"
      }
    },
    "node_modules/@penpot/mcp": {
      "version": "2.15.4",
      "resolved": "https://registry.npmjs.org/@penpot/mcp/-/mcp-2.15.4.tgz",
      "integrity": "sha512-BjqqLNGd4diFgBNOkEofDlDavCHptsNthH88ANy/69LrSAuoeg08DJgfqZMrjnyIsrbI7Sc2MDJPVLzCQbpdoQ==",
      "dev": true,
      "bin": {
        "penpot-mcp": "bin/mcp-local.js"
      }
    },
    "node_modules/node-fetch": {
      "version": "2.7.0",
      "resolved": "https://registry.npmjs.org/node-fetch/-/node-fetch-2.7.0.tgz",
      "integrity": "sha512-c4FRfUm/dbcWZ7U+1Wq0AwCyFL+3nt2bEw05wfxSz+DWpWsitgmSgYmy2dQdWyKC1694ELPqMs/YzUSNozLt8A==",
      "dev": true,
      "license": "MIT",
      "dependencies": {
        "whatwg-url": "^5.0.0"
      },
      "engines": {
        "node": "4.x || >=6.0.0"
      },
      "peerDependencies": {
        "encoding": "^0.1.0"
      },
      "peerDependenciesMeta": {
        "encoding": {
          "optional": true
        }
      }
    },
    "node_modules/prettier": {
      "version": "3.9.6",
      "resolved": "https://registry.npmjs.org/prettier/-/prettier-3.9.6.tgz",
      "integrity": "sha512-OpN0zzVdiaiAhxpuuj5efpIS4sY9j7bY6uR5mnj5yPzGkdkjNKSJeUThPb60Jw29QuAZgA4o+/iB49kFiaBX6g==",
      "dev": true,
      "license": "MIT",
      "bin": {
        "prettier": "bin/prettier.cjs"
      },
      "engines": {
        "node": ">=14"
      },
      "funding": {
        "url": "https://github.com/prettier/prettier?sponsor=1"
      }
    },
    "node_modules/tr46": {
      "version": "0.0.3",
      "resolved": "https://registry.npmjs.org/tr46/-/tr46-0.0.3.tgz",
      "integrity": "sha512-N3WMsuqV66lT30CrXNbEjx4GEwlow3v6rr4mCcv6prnfwhS01rkgyFdjPNBYd9br7LpXV1+Emh01fHnq2Gdgrw==",
      "dev": true,
      "license": "MIT"
    },
    "node_modules/webidl-conversions": {
      "version": "3.0.1",
      "resolved": "https://registry.npmjs.org/webidl-conversions/-/webidl-conversions-3.0.1.tgz",
      "integrity": "sha512-2JAn3z8AR6rjK8Sm8orRC0h/bcl/DqL7tRPdGZ4I1CjdF+EaMLmYxBHyXuKL849eucPFhvBoxMsflfOb8kxaeQ==",
      "dev": true,
      "license": "BSD-2-Clause"
    },
    "node_modules/whatwg-url": {
      "version": "5.0.0",
      "resolved": "https://registry.npmjs.org/whatwg-url/-/whatwg-url-5.0.0.tgz",
      "integrity": "sha512-saE57nupxk6v3HY35+jzBwYa0rKSy0XR8JSxZPwgLr7ys0IBzhGviA1/TUGJLmSVqs8pb9AnvICXEuOHLprYTw==",
      "dev": true,
      "license": "MIT",
      "dependencies": {
        "tr46": "~0.0.3",
        "webidl-conversions": "^3.0.0"
      }
    },
    "node_modules/zod": {
      "version": "3.25.76",
      "resolved": "https://registry.npmjs.org/zod/-/zod-3.25.76.tgz",
      "integrity": "sha512-gzUt/qt81nXsFGKIFcC3YnfEAx5NkunCfnDlvuBSSFS02bcXu4Lmea0AFIUwbLWxWPx3d9p8S5QoaujKcNQxcQ==",
      "dev": true,
      "license": "MIT",
      "funding": {
        "url": "https://github.com/sponsors/colinhacks"
      }
    }
  }
}
